
Microsoft Visual Studio Solution File, Format Version 12.00
# Visual Studio Version 16
VisualStudioVersion = 16.0.30804.86
MinimumVisualStudioVersion = 10.0.40219.1
Project("{2150E333-8FDC-42A3-9474-1A3956D46DE8}") = "src", "src", "{3A3DE23E-08F0-46D7-8071-725CF4B52C36}"
EndProject
Project("{9A19103F-16F7-4668-BE54-9A1E7A4F7556}") = "Deviot.Common", "src\Deviot.Common\Deviot.Common.csproj", "{B75F96FB-AED3-426C-84A3-ADB9A525DAA8}"
EndProject
Project("{2150E333-8FDC-42A3-9474-1A3956D46DE8}") = "tests", "tests", "{E65B3A69-21C2-4DE4-8CD6-97B9901406D6}"
EndProject
Project("{9A19103F-16F7-4668-BE54-9A1E7A4F7556}") = "Deviot.CommonTests", "tests\Deviot.CommonTests\Deviot.CommonTests.csproj", "{A939C995-470D-40DF-A02B-D7079CA01DDB}"
EndProject
Project("{9A19103F-16F7-4668-BE54-9A1E7A4F7556}") = "Deviot.Common.EntitySQLite", "src\Deviot.Common.EntitySQLite\Deviot.Common.EntitySQLite.csproj", "{F8DA4FA8-660F-46CB-9B89-0E904B3A7BEA}"
EndProject
Project("{9A19103F-16F7-4668-BE54-9A1E7A4F7556}") = "Deviot.Common.EntitySQLiteTests", "tests\Deviot.Common.EntitySQLiteTests\Deviot.Common.EntitySQLiteTests.csproj", "{556ECD97-1D9D-4E65-B6DF-BD43F8CC95BB}"
EndProject
Global
	GlobalSection(SolutionConfigurationPlatforms) = preSolution
		Debug|Any CPU = Debug|Any CPU
		Release|Any CPU = Release|Any CPU
	EndGlobalSection
	GlobalSection(ProjectConfigurationPlatforms) = postSolution
		{B75F96FB-AED3-426C-84A3-ADB9A525DAA8}.Debug|Any CPU.ActiveCfg = Debug|Any CPU
		{B75F96FB-AED3-426C-84A3-ADB9A525DAA8}.Debug|Any CPU.Build.0 = Debug|Any CPU
		{B75F96FB-AED3-426C-84A3-ADB9A525DAA8}.Release|Any CPU.ActiveCfg = Release|Any CPU
		{B75F96FB-AED3-426C-84A3-ADB9A525DAA8}.Release|Any CPU.Build.0 = Release|Any CPU
		{A939C995-470D-40DF-A02B-D7079CA01DDB}.Debug|Any CPU.ActiveCfg = Debug|Any CPU
		{A939C995-470D-40DF-A02B-D7079CA01DDB}.Debug|Any CPU.Build.0 = Debug|Any CPU
		{A939C995-470D-40DF-A02B-D7079CA01DDB}.Release|Any CPU.ActiveCfg = Release|Any CPU
		{A939C995-470D-40DF-A02B-D7079CA01DDB}.Release|Any CPU.Build.0 = Release|Any CPU
		{F8DA4FA8-660F-46CB-9B89-0E904B3A7BEA}.Debug|Any CPU.ActiveCfg = Debug|Any CPU
		{F8DA4FA8-660F-46CB-9B89-0E904B3A7BEA}.Debug|Any CPU.Build.0 = Debug|Any CPU
		{F8DA4FA8-660F-46CB-9B89-0E904B3A7BEA}.Release|Any CPU.ActiveCfg = Release|Any CPU
		{F8DA4FA8-660F-46CB-9B89-0E904B3A7BEA}.Release|Any CPU.Build.0 = Release|Any CPU
		{556ECD97-1D9D-4E65-B6DF-BD43F8CC95BB}.Debug|Any CPU.ActiveCfg = Debug|Any CPU
		{556ECD97-1D9D-4E65-B6DF-BD43F8CC95BB}.Debug|Any CPU.Build.0 = Debug|Any CPU
		{556ECD97-1D9D-4E65-B6DF-BD43F8CC95BB}.Release|Any CPU.ActiveCfg = Release|Any CPU
		{556ECD97-1D9D-4E65-B6DF-BD43F8CC95BB}.Release|Any CPU.Build.0 = Release|Any CPU
	EndGlobalSection
	GlobalSection(SolutionProperties) = preSolution
		HideSolutionNode = FALSE
	EndGlobalSection
	GlobalSection(NestedProjects) = preSolution
		{B75F96FB-AED3-426C-84A3-ADB9A525DAA8} = {3A3DE23E-08F0-46D7-8071-725CF4B52C36}
		{A939C995-470D-40DF-A02B-D7079CA01DDB} = {E65B3A69-21C2-4DE4-8CD6-97B9901406D6}
		{F8DA4FA8-660F-46CB-9B89-0E904B3A7BEA} = {3A3DE23E-08F0-46D7-8071-725CF4B52C36}
		{556ECD97-1D9D-4E65-B6DF-BD43F8CC95BB} = {E65B3A69-21C2-4DE4-8CD6-97B9901406D6}
	EndGlobalSection
	GlobalSection(ExtensibilityGlobals) = postSolution
		SolutionGuid = {D4B88B3D-9908-4947-86B9-F0630C1D7256}
	EndGlobalSection
EndGlobal
